
Microsoft Visual Studio Solution File, Format Version 12.00
# Visual Studio Version 17
VisualStudioVersion = 17.14.36301.6 d17.14
MinimumVisualStudioVersion = 10.0.40219.1
Project("{FAE04EC0-301F-11D3-BF4B-00C04F79EFBC}") = "LibraryManagementSystem", "LibraryManagementSystem\LibraryManagementSystem.csproj", "{29600FDA-A376-4E24-BF5C-95B1D872156A}"
EndProject
Global
	GlobalSection(SolutionConfigurationPlatforms) = preSolution
		Debug|Any CPU = Debug|Any CPU
		Release|Any CPU = Release|Any CPU
	EndGlobalSection
	GlobalSection(ProjectConfigurationPlatforms) = postSolution
		{29600FDA-A376-4E24-BF5C-95B1D872156A}.Debug|Any CPU.ActiveCfg = Debug|Any CPU
		{29600FDA-A376-4E24-BF5C-95B1D872156A}.Debug|Any CPU.Build.0 = Debug|Any CPU
		{29600FDA-A376-4E24-BF5C-95B1D872156A}.Release|Any CPU.ActiveCfg = Release|Any CPU
		{29600FDA-A376-4E24-BF5C-95B1D872156A}.Release|Any CPU.Build.0 = Release|Any CPU
	EndGlobalSection
	GlobalSection(SolutionProperties) = preSolution
		HideSolutionNode = FALSE
	EndGlobalSection
	GlobalSection(ExtensibilityGlobals) = postSolution
		SolutionGuid = {82431A8B-039B-4071-BD51-958DF0D26C2B}
	EndGlobalSection
EndGlobal
